
Microsoft Visual Studio Solution File, Format Version 12.00
# Visual Studio Version 17
VisualStudioVersion = 17.12.35506.116
MinimumVisualStudioVersion = 10.0.40219.1
Project("{2150E333-8FDC-42A3-9474-1A3956D46DE8}") = "API", "API", "{A1000000-0000-0000-0000-000000000001}"
EndProject
Project("{2150E333-8FDC-42A3-9474-1A3956D46DE8}") = "Domain", "Domain", "{A2000000-0000-0000-0000-000000000002}"
EndProject
Project("{2150E333-8FDC-42A3-9474-1A3956D46DE8}") = "Infrastructure", "Infrastructure", "{A3000000-0000-0000-0000-000000000003}"
EndProject
Project("{FAE04EC0-301F-11D3-BF4B-00C04F79EFBC}") = "MoneyShop.Api", "MoneyShop.Api\MoneyShop.Api.csproj", "{209CD8D5-556E-4BC8-A2E9-87E94976518B}"
EndProject
Project("{FAE04EC0-301F-11D3-BF4B-00C04F79EFBC}") = "MoneyShop.ServiceAdapters", "MoneyShop.ServiceAdapters\MoneyShop.ServiceAdapters.csproj", "{E850CB0F-0521-46E4-94BF-0BF54AE33741}"
EndProject
Project("{FAE04EC0-301F-11D3-BF4B-00C04F79EFBC}") = "MoneyShop.ServiceInterface", "MoneyShop.ServiceInterface\MoneyShop.ServiceInterface.csproj", "{33CB7FBD-797D-444C-987D-B06669B977B4}"
EndProject
Project("{FAE04EC0-301F-11D3-BF4B-00C04F79EFBC}") = "MoneyShop.DomainModel", "MoneyShop.DomainModel\MoneyShop.DomainModel.csproj", "{28B1A901-F6E7-4DE3-A3C0-524304CDE670}"
EndProject
Project("{FAE04EC0-301F-11D3-BF4B-00C04F79EFBC}") = "MoneyShop.DomainServices", "MoneyShop.DomainServices\MoneyShop.DomainServices.csproj", "{923DE315-08E3-4599-861A-17A43C4CFD42}"
EndProject
Project("{FAE04EC0-301F-11D3-BF4B-00C04F79EFBC}") = "MoneyShop.Infrastructure.EntityFramework", "MoneyShop.Infrastructure.EntityFramework\MoneyShop.Infrastructure.EntityFramework.csproj", "{816B6871-0369-4A04-AC30-7A4BF16C143B}"
EndProject
Project("{FAE04EC0-301F-11D3-BF4B-00C04F79EFBC}") = "MoneyShop.Tests", "MoneyShop.Tests\MoneyShop.Tests.csproj", "{493D4ACF-3839-4B35-8BC9-EB4CF9DBAB62}"
EndProject
Global
	GlobalSection(SolutionConfigurationPlatforms) = preSolution
		Debug|Any CPU = Debug|Any CPU
		Release|Any CPU = Release|Any CPU
	EndGlobalSection
	GlobalSection(ProjectConfigurationPlatforms) = postSolution
		{209CD8D5-556E-4BC8-A2E9-87E94976518B}.Debug|Any CPU.ActiveCfg = Debug|Any CPU
		{209CD8D5-556E-4BC8-A2E9-87E94976518B}.Debug|Any CPU.Build.0 = Debug|Any CPU
		{209CD8D5-556E-4BC8-A2E9-87E94976518B}.Release|Any CPU.ActiveCfg = Release|Any CPU
		{209CD8D5-556E-4BC8-A2E9-87E94976518B}.Release|Any CPU.Build.0 = Release|Any CPU
		{E850CB0F-0521-46E4-94BF-0BF54AE33741}.Debug|Any CPU.ActiveCfg = Debug|Any CPU
		{E850CB0F-0521-46E4-94BF-0BF54AE33741}.Debug|Any CPU.Build.0 = Debug|Any CPU
		{E850CB0F-0521-46E4-94BF-0BF54AE33741}.Release|Any CPU.ActiveCfg = Release|Any CPU
		{E850CB0F-0521-46E4-94BF-0BF54AE33741}.Release|Any CPU.Build.0 = Release|Any CPU
		{33CB7FBD-797D-444C-987D-B06669B977B4}.Debug|Any CPU.ActiveCfg = Debug|Any CPU
		{33CB7FBD-797D-444C-987D-B06669B977B4}.Debug|Any CPU.Build.0 = Debug|Any CPU
		{33CB7FBD-797D-444C-987D-B06669B977B4}.Release|Any CPU.ActiveCfg = Release|Any CPU
		{33CB7FBD-797D-444C-987D-B06669B977B4}.Release|Any CPU.Build.0 = Release|Any CPU
		{28B1A901-F6E7-4DE3-A3C0-524304CDE670}.Debug|Any CPU.ActiveCfg = Debug|Any CPU
		{28B1A901-F6E7-4DE3-A3C0-524304CDE670}.Debug|Any CPU.Build.0 = Debug|Any CPU
		{28B1A901-F6E7-4DE3-A3C0-524304CDE670}.Release|Any CPU.ActiveCfg = Release|Any CPU
		{28B1A901-F6E7-4DE3-A3C0-524304CDE670}.Release|Any CPU.Build.0 = Release|Any CPU
		{923DE315-08E3-4599-861A-17A43C4CFD42}.Debug|Any CPU.ActiveCfg = Debug|Any CPU
		{923DE315-08E3-4599-861A-17A43C4CFD42}.Debug|Any CPU.Build.0 = Debug|Any CPU
		{923DE315-08E3-4599-861A-17A43C4CFD42}.Release|Any CPU.ActiveCfg = Release|Any CPU
		{923DE315-08E3-4599-861A-17A43C4CFD42}.Release|Any CPU.Build.0 = Release|Any CPU
		{816B6871-0369-4A04-AC30-7A4BF16C143B}.Debug|Any CPU.ActiveCfg = Debug|Any CPU
		{816B6871-0369-4A04-AC30-7A4BF16C143B}.Debug|Any CPU.Build.0 = Debug|Any CPU
		{816B6871-0369-4A04-AC30-7A4BF16C143B}.Release|Any CPU.ActiveCfg = Release|Any CPU
		{816B6871-0369-4A04-AC30-7A4BF16C143B}.Release|Any CPU.Build.0 = Release|Any CPU
		{493D4ACF-3839-4B35-8BC9-EB4CF9DBAB62}.Debug|Any CPU.ActiveCfg = Debug|Any CPU
		{493D4ACF-3839-4B35-8BC9-EB4CF9DBAB62}.Debug|Any CPU.Build.0 = Debug|Any CPU
		{493D4ACF-3839-4B35-8BC9-EB4CF9DBAB62}.Release|Any CPU.ActiveCfg = Release|Any CPU
		{493D4ACF-3839-4B35-8BC9-EB4CF9DBAB62}.Release|Any CPU.Build.0 = Release|Any CPU
	EndGlobalSection
	GlobalSection(SolutionProperties) = preSolution
		HideSolutionNode = FALSE
	EndGlobalSection
	GlobalSection(NestedProjects) = preSolution
		{209CD8D5-556E-4BC8-A2E9-87E94976518B} = {A1000000-0000-0000-0000-000000000001}
		{E850CB0F-0521-46E4-94BF-0BF54AE33741} = {A1000000-0000-0000-0000-000000000001}
		{33CB7FBD-797D-444C-987D-B06669B977B4} = {A1000000-0000-0000-0000-000000000001}
		{28B1A901-F6E7-4DE3-A3C0-524304CDE670} = {A2000000-0000-0000-0000-000000000002}
		{923DE315-08E3-4599-861A-17A43C4CFD42} = {A2000000-0000-0000-0000-000000000002}
		{816B6871-0369-4A04-AC30-7A4BF16C143B} = {A3000000-0000-0000-0000-000000000003}
	EndGlobalSection
EndGlobal
